{
  "name": "@paxiong-cli/init",
  "version": "0.0.1",
  "lockfileVersion": 1,
  "requires": true,
  "dependencies": {
    "@paxiong-cli/command": {
      "version": "file:../../models/command",
      "requires": {
        "colors": "^1.4.0",
        "semver": "^7.3.5"
      },
      "dependencies": {
        "_colors@1.4.0@colors": {
          "version": "1.4.0"
        },
        "_lru-cache@6.0.0@lru-cache": {
          "version": "6.0.0",
          "requires": {
            "yallist": "^4.0.0"
          },
          "dependencies": {
            "yallist": {
              "version": "4.0.0",
              "resolved": "https://registry.nlark.com/yallist/download/yallist-4.0.0.tgz"
            }
          }
        },
        "_semver@7.3.5@semver": {
          "version": "7.3.5",
          "requires": {
            "lru-cache": "^6.0.0"
          },
          "dependencies": {
            "lru-cache": {
              "version": "6.0.0",
              "resolved": "https://registry.nlark.com/lru-cache/download/lru-cache-6.0.0.tgz",
              "requires": {
                "yallist": "^4.0.0"
              },
              "dependencies": {
                "yallist": {
                  "version": "4.0.0",
                  "resolved": "https://registry.nlark.com/yallist/download/yallist-4.0.0.tgz"
                }
              }
            }
          }
        },
        "_yallist@4.0.0@yallist": {
          "version": "4.0.0"
        },
        "colors": {
          "version": "1.4.0",
          "resolved": "https://registry.nlark.com/colors/download/colors-1.4.0.tgz?cache=0&sync_timestamp=1618846945256&other_urls=https%3A%2F%2Fregistry.nlark.com%2Fcolors%2Fdownload%2Fcolors-1.4.0.tgz"
        },
        "lru-cache": {
          "version": "6.0.0",
          "requires": {
            "yallist": "^4.0.0"
          },
          "dependencies": {
            "yallist": {
              "version": "4.0.0",
              "resolved": "https://registry.nlark.com/yallist/download/yallist-4.0.0.tgz"
            }
          }
        },
        "semver": {
          "version": "7.3.5",
          "resolved": "https://registry.nlark.com/semver/download/semver-7.3.5.tgz?cache=0&sync_timestamp=1618847017123&other_urls=https%3A%2F%2Fregistry.nlark.com%2Fsemver%2Fdownload%2Fsemver-7.3.5.tgz",
          "requires": {
            "lru-cache": "^6.0.0"
          },
          "dependencies": {
            "lru-cache": {
              "version": "6.0.0",
              "resolved": "https://registry.nlark.com/lru-cache/download/lru-cache-6.0.0.tgz",
              "requires": {
                "yallist": "^4.0.0"
              },
              "dependencies": {}
            }
          }
        },
        "yallist": {
          "version": "4.0.0"
        }
      }
    }
  }
}
